
Microsoft Visual Studio Solution File, Format Version 12.00
# Visual Studio Version 17
VisualStudioVersion = 17.2.32616.157
MinimumVisualStudioVersion = 10.0.40219.1
Project("{8BC9CEB8-8B4A-11D0-8D11-00A0C91BC942}") = "Exercise 1-1", "Beginning C++ 17 Book\Beginning C++ 17 Book.vcxproj", "{E85990E8-D4A2-4AFC-8193-CCA9F9D9FBAD}"
EndProject
Project("{8BC9CEB8-8B4A-11D0-8D11-00A0C91BC942}") = "Exercise 1-2", "Exercise 1-2\Exercise 1-2.vcxproj", "{95AAB3E0-79A3-40AA-88AE-DF20F12346DB}"
EndProject
Project("{8BC9CEB8-8B4A-11D0-8D11-00A0C91BC942}") = "Exercise 1-3", "Exercise 1-3\Exercise 1-3.vcxproj", "{14D2A716-C0E7-431D-8490-BE1E019880C5}"
EndProject
Project("{8BC9CEB8-8B4A-11D0-8D11-00A0C91BC942}") = "Exercise 2-1", "Exercise 2-1\Exercise 2-1.vcxproj", "{1CB028F1-9940-4051-82A3-3FF631EC6F24}"
EndProject
Project("{8BC9CEB8-8B4A-11D0-8D11-00A0C91BC942}") = "Exercise 2-2", "Exercise 2-2\Exercise 2-2.vcxproj", "{6A5EFF9B-5241-4FF2-B334-FF57867A3BAC}"
EndProject
Project("{8BC9CEB8-8B4A-11D0-8D11-00A0C91BC942}") = "Exercise 2-3", "Exercise 2-3\Exercise 2-3.vcxproj", "{4414F4A6-292C-444F-9599-8146F2FCE49F}"
EndProject
Project("{8BC9CEB8-8B4A-11D0-8D11-00A0C91BC942}") = "Exercise 2-4", "Exercise 2-4\Exercise 2-4.vcxproj", "{63197962-2BFF-4B9A-B6B8-676C62EC9364}"
EndProject
Project("{8BC9CEB8-8B4A-11D0-8D11-00A0C91BC942}") = "Exercise 3-1", "Exercise 3-1\Exercise 3-1.vcxproj", "{34B11864-C603-4C5D-8E41-35B5D5D384E5}"
EndProject
Project("{8BC9CEB8-8B4A-11D0-8D11-00A0C91BC942}") = "Exercise 3-2", "Exercise 3-2\Exercise 3-2.vcxproj", "{BF4B5F7F-DA43-416C-82BD-7ED64548B223}"
EndProject
Project("{8BC9CEB8-8B4A-11D0-8D11-00A0C91BC942}") = "Exercise 3-3", "Exercise 3-3\Exercise 3-3.vcxproj", "{B5B433F5-757D-410E-AB39-BB8EE5C867D8}"
EndProject
Project("{8BC9CEB8-8B4A-11D0-8D11-00A0C91BC942}") = "Exercise 3-4", "Exercise 3-4\Exercise 3-4.vcxproj", "{8A12D1F9-D448-425A-B136-1A6D7F043859}"
EndProject
Project("{8BC9CEB8-8B4A-11D0-8D11-00A0C91BC942}") = "Exercise 3-5", "Exercise 3-5\Exercise 3-5.vcxproj", "{C8C6302D-7DA6-48E4-9B7D-2DB4B2F5C59F}"
EndProject
Project("{8BC9CEB8-8B4A-11D0-8D11-00A0C91BC942}") = "Exercise 3-6", "Exercise 3-6\Exercise 3-6.vcxproj", "{7C24ECD9-8718-4066-B642-BE0FD8C74F70}"
EndProject
Project("{8BC9CEB8-8B4A-11D0-8D11-00A0C91BC942}") = "Exercise 4-1", "Exercise 4-1\Exercise 4-1.vcxproj", "{95E87DD6-8519-4C92-B65D-6553A75BF8C1}"
EndProject
Project("{8BC9CEB8-8B4A-11D0-8D11-00A0C91BC942}") = "Exercise 4-2", "Exercise 4-2\Exercise 4-2.vcxproj", "{F3ECC053-5A9D-4E8E-8B86-563189E0F2D0}"
EndProject
Project("{8BC9CEB8-8B4A-11D0-8D11-00A0C91BC942}") = "Exercise 4-3", "Exercise 4-3\Exercise 4-3.vcxproj", "{B97EAA4F-D42F-4653-A0A8-34C7C9E29115}"
EndProject
Project("{8BC9CEB8-8B4A-11D0-8D11-00A0C91BC942}") = "Exercise 4-4", "Exercise 4-4\Exercise 4-4.vcxproj", "{4C4562EA-2CBF-4A2C-A7C8-4C352965300C}"
EndProject
Project("{8BC9CEB8-8B4A-11D0-8D11-00A0C91BC942}") = "Exercise 4-5", "Exercise 4-5\Exercise 4-5.vcxproj", "{96DF7F4A-8764-4193-A369-0CEE9DA6694E}"
EndProject
Project("{8BC9CEB8-8B4A-11D0-8D11-00A0C91BC942}") = "Exercise 4-6", "Exercise 4-6\Exercise 4-6.vcxproj", "{FD9C1BC8-1283-4B99-8133-128C470FCB5D}"
EndProject
Project("{8BC9CEB8-8B4A-11D0-8D11-00A0C91BC942}") = "Exercise 4-7", "Exercise 4-7\Exercise 4-7.vcxproj", "{AFABFA83-4BF2-4D97-96EB-299655E8B290}"
EndProject
Project("{8BC9CEB8-8B4A-11D0-8D11-00A0C91BC942}") = "Exercise 4-8", "Exercise 4-8\Exercise 4-8.vcxproj", "{F1C3019F-EAD9-47D6-B2B7-2C564CBBEE23}"
EndProject
Project("{8BC9CEB8-8B4A-11D0-8D11-00A0C91BC942}") = "Exercise 5-1", "Exercise 5-1\Exercise 5-1.vcxproj", "{02D3877D-8768-40CA-A83C-655895982A7C}"
EndProject
Project("{8BC9CEB8-8B4A-11D0-8D11-00A0C91BC942}") = "Exercise 5-2", "Exercise 5-2\Exercise 5-2.vcxproj", "{F6F4D672-759D-44F2-9558-49EF70E280D6}"
EndProject
Project("{8BC9CEB8-8B4A-11D0-8D11-00A0C91BC942}") = "Exercise 5-3", "Exercise 5-3\Exercise 5-3.vcxproj", "{8E0A4F1E-6FAF-45FD-87C1-2958DD923066}"
EndProject
Project("{8BC9CEB8-8B4A-11D0-8D11-00A0C91BC942}") = "Exercise 5-4", "Exercise 5-4\Exercise 5-4.vcxproj", "{50ED7CC6-F3D3-4779-8FA3-6247CFDDC674}"
EndProject
Project("{8BC9CEB8-8B4A-11D0-8D11-00A0C91BC942}") = "Exercise 5-5", "Exercise 5-5\Exercise 5-5.vcxproj", "{6985DC03-7F70-4CAF-926F-C17769AA529C}"
EndProject
Project("{8BC9CEB8-8B4A-11D0-8D11-00A0C91BC942}") = "Exercise 5-6", "Exercise 5-6\Exercise 5-6.vcxproj", "{5EB5FA44-E934-4FCE-8388-0B554882A4D1}"
EndProject
Project("{8BC9CEB8-8B4A-11D0-8D11-00A0C91BC942}") = "Exercise 5-7", "Exercise 5-7\Exercise 5-7.vcxproj", "{A5373FC1-B8F1-431D-8A8E-D1CE7443A463}"
EndProject
Project("{8BC9CEB8-8B4A-11D0-8D11-00A0C91BC942}") = "Exercise 5-8", "Exercise 5-8\Exercise 5-8.vcxproj", "{B2E0F7A7-CFFD-4003-A29B-856039D424CF}"
EndProject
Project("{8BC9CEB8-8B4A-11D0-8D11-00A0C91BC942}") = "Exercise 6-1", "Exercise 6-1\Exercise 6-1.vcxproj", "{6F8CF9CA-BA6A-4D30-BB18-105F1E3BDA67}"
EndProject
Project("{8BC9CEB8-8B4A-11D0-8D11-00A0C91BC942}") = "Exercise 6-2", "Exercise 6-2\Exercise 6-2.vcxproj", "{A11A9AE3-630A-481C-B153-0B0D76FCD65D}"
EndProject
Project("{8BC9CEB8-8B4A-11D0-8D11-00A0C91BC942}") = "Exercise 6-3", "Exercise 6-3\Exercise 6-3.vcxproj", "{11478A96-018A-40BB-BC82-151B91596CD0}"
EndProject
Project("{8BC9CEB8-8B4A-11D0-8D11-00A0C91BC942}") = "Exercise 6-4", "Exercise 6-4\Exercise 6-4.vcxproj", "{76262B78-C7DC-4D1E-95C2-339E589C19F2}"
EndProject
Project("{8BC9CEB8-8B4A-11D0-8D11-00A0C91BC942}") = "Exercise 6-5", "Exercise 6-5\Exercise 6-5.vcxproj", "{81D19096-EF69-418E-917B-3CB65EF0C696}"
EndProject
Project("{8BC9CEB8-8B4A-11D0-8D11-00A0C91BC942}") = "Exercise 6-6", "Exercise 6-6\Exercise 6-6.vcxproj", "{128FCEBD-7445-45E0-9093-748DA84DE646}"
EndProject
Project("{8BC9CEB8-8B4A-11D0-8D11-00A0C91BC942}") = "Exercise 7-1", "Exercise 7-1\Exercise 7-1.vcxproj", "{9741C964-3AD4-44A3-9CC9-FB4DB42B8966}"
EndProject
Project("{8BC9CEB8-8B4A-11D0-8D11-00A0C91BC942}") = "Exercise 7-2", "Exercise 7-2\Exercise 7-2.vcxproj", "{9C8D27FB-25A8-4132-8B77-5A36285427FB}"
EndProject
Project("{8BC9CEB8-8B4A-11D0-8D11-00A0C91BC942}") = "Exercise 7-3", "Exercise 7-3\Exercise 7-3.vcxproj", "{0DE28179-C477-42E1-8A9D-46F984EA724F}"
EndProject
Project("{8BC9CEB8-8B4A-11D0-8D11-00A0C91BC942}") = "Exercise 7-4", "Exercise 7-4\Exercise 7-4.vcxproj", "{1FAD537B-7ED9-4611-8893-3D42373AEA4A}"
EndProject
Project("{8BC9CEB8-8B4A-11D0-8D11-00A0C91BC942}") = "Exercise 7-5", "Exercise 7-5\Exercise 7-5.vcxproj", "{3D8935F3-3FD3-4268-94A6-A84A9FE439F5}"
EndProject
Project("{8BC9CEB8-8B4A-11D0-8D11-00A0C91BC942}") = "Exercise 7-6", "Exercise 7-6\Exercise 7-6.vcxproj", "{FFE349AB-454B-47F7-8770-303B9AC738FB}"
EndProject
Project("{8BC9CEB8-8B4A-11D0-8D11-00A0C91BC942}") = "Exercise 7-7", "Exercise 7-7\Exercise 7-7.vcxproj", "{18591AF6-37F6-4410-A909-BE355B2054BE}"
EndProject
Project("{8BC9CEB8-8B4A-11D0-8D11-00A0C91BC942}") = "Exercise 7-8", "Exercise 7-8\Exercise 7-8.vcxproj", "{254FCBC4-88B1-497E-9F8E-64E34244FC39}"
EndProject
Project("{8BC9CEB8-8B4A-11D0-8D11-00A0C91BC942}") = "Exercise 8-1", "Exercise 8-1\Exercise 8-1.vcxproj", "{09D59F18-A404-4C0F-94E4-71DA343A00EA}"
EndProject
Project("{8BC9CEB8-8B4A-11D0-8D11-00A0C91BC942}") = "Exercise 8-2", "Exercise 8-2\Exercise 8-2.vcxproj", "{6EE8080D-3477-4D88-9863-77B29F83BD0C}"
EndProject
Project("{8BC9CEB8-8B4A-11D0-8D11-00A0C91BC942}") = "Exercise 8-3", "Exercise 8-3\Exercise 8-3.vcxproj", "{BFD06244-8374-43D2-8434-A0A726E15AA0}"
EndProject
Project("{8BC9CEB8-8B4A-11D0-8D11-00A0C91BC942}") = "Exercise 8-4", "Exercise 8-4\Exercise 8-4.vcxproj", "{49282E61-7562-4297-AA94-0B8880C0F4C7}"
EndProject
Project("{8BC9CEB8-8B4A-11D0-8D11-00A0C91BC942}") = "Exercise 8-5", "Exercise 8-5\Exercise 8-5.vcxproj", "{32BCFAD7-CA7D-4BB9-BE6C-403B9093DC05}"
EndProject
Project("{8BC9CEB8-8B4A-11D0-8D11-00A0C91BC942}") = "Exercise 8-6", "Exercise 8-6\Exercise 8-6.vcxproj", "{A1B61D4E-675B-42DE-B976-B51869EBD389}"
EndProject
Project("{8BC9CEB8-8B4A-11D0-8D11-00A0C91BC942}") = "Exercise 8-7", "Exercise 8-7\Exercise 8-7.vcxproj", "{BBC1F749-ADDE-4E91-A124-056A17A34CD0}"
EndProject
Project("{8BC9CEB8-8B4A-11D0-8D11-00A0C91BC942}") = "Exercise 8-8", "Exercise 8-8\Exercise 8-8.vcxproj", "{5B24A83F-AF3D-427C-B9C2-5A7CCA934373}"
EndProject
Project("{8BC9CEB8-8B4A-11D0-8D11-00A0C91BC942}") = "Exercise 8-9", "Exercise 8-9\Exercise 8-9.vcxproj", "{5CA0CB09-81E8-4D1F-B120-572CCB5CCDC4}"
EndProject
Project("{8BC9CEB8-8B4A-11D0-8D11-00A0C91BC942}") = "Exercise 9-1", "Exercise 9-1\Exercise 9-1.vcxproj", "{1E9628A2-314F-49EA-B4F8-4A93ADC1822B}"
EndProject
Project("{8BC9CEB8-8B4A-11D0-8D11-00A0C91BC942}") = "Exercise 9-2", "Exercise 9-2\Exercise 9-2.vcxproj", "{3621DDF7-460B-41BC-8544-8B80E49D729F}"
EndProject
Project("{8BC9CEB8-8B4A-11D0-8D11-00A0C91BC942}") = "Exercise 9-3", "Exercise 9-3\Exercise 9-3.vcxproj", "{2DC1815A-4745-49FD-B5AF-BA4AC65FAC29}"
EndProject
Global
	GlobalSection(SolutionConfigurationPlatforms) = preSolution
		Debug|x64 = Debug|x64
		Debug|x86 = Debug|x86
		Release|x64 = Release|x64
		Release|x86 = Release|x86
	EndGlobalSection
	GlobalSection(ProjectConfigurationPlatforms) = postSolution
		{E85990E8-D4A2-4AFC-8193-CCA9F9D9FBAD}.Debug|x64.ActiveCfg = Debug|x64
		{E85990E8-D4A2-4AFC-8193-CCA9F9D9FBAD}.Debug|x64.Build.0 = Debug|x64
		{E85990E8-D4A2-4AFC-8193-CCA9F9D9FBAD}.Debug|x86.ActiveCfg = Debug|Win32
		{E85990E8-D4A2-4AFC-8193-CCA9F9D9FBAD}.Debug|x86.Build.0 = Debug|Win32
		{E85990E8-D4A2-4AFC-8193-CCA9F9D9FBAD}.Release|x64.ActiveCfg = Release|x64
		{E85990E8-D4A2-4AFC-8193-CCA9F9D9FBAD}.Release|x64.Build.0 = Release|x64
		{E85990E8-D4A2-4AFC-8193-CCA9F9D9FBAD}.Release|x86.ActiveCfg = Release|Win32
		{E85990E8-D4A2-4AFC-8193-CCA9F9D9FBAD}.Release|x86.Build.0 = Release|Win32
		{95AAB3E0-79A3-40AA-88AE-DF20F12346DB}.Debug|x64.ActiveCfg = Debug|x64
		{95AAB3E0-79A3-40AA-88AE-DF20F12346DB}.Debug|x64.Build.0 = Debug|x64
		{95AAB3E0-79A3-40AA-88AE-DF20F12346DB}.Debug|x86.ActiveCfg = Debug|Win32
		{95AAB3E0-79A3-40AA-88AE-DF20F12346DB}.Debug|x86.Build.0 = Debug|Win32
		{95AAB3E0-79A3-40AA-88AE-DF20F12346DB}.Release|x64.ActiveCfg = Release|x64
		{95AAB3E0-79A3-40AA-88AE-DF20F12346DB}.Release|x64.Build.0 = Release|x64
		{95AAB3E0-79A3-40AA-88AE-DF20F12346DB}.Release|x86.ActiveCfg = Release|Win32
		{95AAB3E0-79A3-40AA-88AE-DF20F12346DB}.Release|x86.Build.0 = Release|Win32
		{14D2A716-C0E7-431D-8490-BE1E019880C5}.Debug|x64.ActiveCfg = Debug|x64
		{14D2A716-C0E7-431D-8490-BE1E019880C5}.Debug|x64.Build.0 = Debug|x64
		{14D2A716-C0E7-431D-8490-BE1E019880C5}.Debug|x86.ActiveCfg = Debug|Win32
		{14D2A716-C0E7-431D-8490-BE1E019880C5}.Debug|x86.Build.0 = Debug|Win32
		{14D2A716-C0E7-431D-8490-BE1E019880C5}.Release|x64.ActiveCfg = Release|x64
		{14D2A716-C0E7-431D-8490-BE1E019880C5}.Release|x64.Build.0 = Release|x64
		{14D2A716-C0E7-431D-8490-BE1E019880C5}.Release|x86.ActiveCfg = Release|Win32
		{14D2A716-C0E7-431D-8490-BE1E019880C5}.Release|x86.Build.0 = Release|Win32
		{1CB028F1-9940-4051-82A3-3FF631EC6F24}.Debug|x64.ActiveCfg = Debug|x64
		{1CB028F1-9940-4051-82A3-3FF631EC6F24}.Debug|x64.Build.0 = Debug|x64
		{1CB028F1-9940-4051-82A3-3FF631EC6F24}.Debug|x86.ActiveCfg = Debug|Win32
		{1CB028F1-9940-4051-82A3-3FF631EC6F24}.Debug|x86.Build.0 = Debug|Win32
		{1CB028F1-9940-4051-82A3-3FF631EC6F24}.Release|x64.ActiveCfg = Release|x64
		{1CB028F1-9940-4051-82A3-3FF631EC6F24}.Release|x64.Build.0 = Release|x64
		{1CB028F1-9940-4051-82A3-3FF631EC6F24}.Release|x86.ActiveCfg = Release|Win32
		{1CB028F1-9940-4051-82A3-3FF631EC6F24}.Release|x86.Build.0 = Release|Win32
		{6A5EFF9B-5241-4FF2-B334-FF57867A3BAC}.Debug|x64.ActiveCfg = Debug|x64
		{6A5EFF9B-5241-4FF2-B334-FF57867A3BAC}.Debug|x64.Build.0 = Debug|x64
		{6A5EFF9B-5241-4FF2-B334-FF57867A3BAC}.Debug|x86.ActiveCfg = Debug|Win32
		{6A5EFF9B-5241-4FF2-B334-FF57867A3BAC}.Debug|x86.Build.0 = Debug|Win32
		{6A5EFF9B-5241-4FF2-B334-FF57867A3BAC}.Release|x64.ActiveCfg = Release|x64
		{6A5EFF9B-5241-4FF2-B334-FF57867A3BAC}.Release|x64.Build.0 = Release|x64
		{6A5EFF9B-5241-4FF2-B334-FF57867A3BAC}.Release|x86.ActiveCfg = Release|Win32
		{6A5EFF9B-5241-4FF2-B334-FF57867A3BAC}.Release|x86.Build.0 = Release|Win32
		{4414F4A6-292C-444F-9599-8146F2FCE49F}.Debug|x64.ActiveCfg = Debug|x64
		{4414F4A6-292C-444F-9599-8146F2FCE49F}.Debug|x64.Build.0 = Debug|x64
		{4414F4A6-292C-444F-9599-8146F2FCE49F}.Debug|x86.ActiveCfg = Debug|Win32
		{4414F4A6-292C-444F-9599-8146F2FCE49F}.Debug|x86.Build.0 = Debug|Win32
		{4414F4A6-292C-444F-9599-8146F2FCE49F}.Release|x64.ActiveCfg = Release|x64
		{4414F4A6-292C-444F-9599-8146F2FCE49F}.Release|x64.Build.0 = Release|x64
		{4414F4A6-292C-444F-9599-8146F2FCE49F}.Release|x86.ActiveCfg = Release|Win32
		{4414F4A6-292C-444F-9599-8146F2FCE49F}.Release|x86.Build.0 = Release|Win32
		{63197962-2BFF-4B9A-B6B8-676C62EC9364}.Debug|x64.ActiveCfg = Debug|x64
		{63197962-2BFF-4B9A-B6B8-676C62EC9364}.Debug|x64.Build.0 = Debug|x64
		{63197962-2BFF-4B9A-B6B8-676C62EC9364}.Debug|x86.ActiveCfg = Debug|Win32
		{63197962-2BFF-4B9A-B6B8-676C62EC9364}.Debug|x86.Build.0 = Debug|Win32
		{63197962-2BFF-4B9A-B6B8-676C62EC9364}.Release|x64.ActiveCfg = Release|x64
		{63197962-2BFF-4B9A-B6B8-676C62EC9364}.Release|x64.Build.0 = Release|x64
		{63197962-2BFF-4B9A-B6B8-676C62EC9364}.Release|x86.ActiveCfg = Release|Win32
		{63197962-2BFF-4B9A-B6B8-676C62EC9364}.Release|x86.Build.0 = Release|Win32
		{34B11864-C603-4C5D-8E41-35B5D5D384E5}.Debug|x64.ActiveCfg = Debug|x64
		{34B11864-C603-4C5D-8E41-35B5D5D384E5}.Debug|x64.Build.0 = Debug|x64
		{34B11864-C603-4C5D-8E41-35B5D5D384E5}.Debug|x86.ActiveCfg = Debug|Win32
		{34B11864-C603-4C5D-8E41-35B5D5D384E5}.Debug|x86.Build.0 = Debug|Win32
		{34B11864-C603-4C5D-8E41-35B5D5D384E5}.Release|x64.ActiveCfg = Release|x64
		{34B11864-C603-4C5D-8E41-35B5D5D384E5}.Release|x64.Build.0 = Release|x64
		{34B11864-C603-4C5D-8E41-35B5D5D384E5}.Release|x86.ActiveCfg = Release|Win32
		{34B11864-C603-4C5D-8E41-35B5D5D384E5}.Release|x86.Build.0 = Release|Win32
		{BF4B5F7F-DA43-416C-82BD-7ED64548B223}.Debug|x64.ActiveCfg = Debug|x64
		{BF4B5F7F-DA43-416C-82BD-7ED64548B223}.Debug|x64.Build.0 = Debug|x64
		{BF4B5F7F-DA43-416C-82BD-7ED64548B223}.Debug|x86.ActiveCfg = Debug|Win32
		{BF4B5F7F-DA43-416C-82BD-7ED64548B223}.Debug|x86.Build.0 = Debug|Win32
		{BF4B5F7F-DA43-416C-82BD-7ED64548B223}.Release|x64.ActiveCfg = Release|x64
		{BF4B5F7F-DA43-416C-82BD-7ED64548B223}.Release|x64.Build.0 = Release|x64
		{BF4B5F7F-DA43-416C-82BD-7ED64548B223}.Release|x86.ActiveCfg = Release|Win32
		{BF4B5F7F-DA43-416C-82BD-7ED64548B223}.Release|x86.Build.0 = Release|Win32
		{B5B433F5-757D-410E-AB39-BB8EE5C867D8}.Debug|x64.ActiveCfg = Debug|x64
		{B5B433F5-757D-410E-AB39-BB8EE5C867D8}.Debug|x64.Build.0 = Debug|x64
		{B5B433F5-757D-410E-AB39-BB8EE5C867D8}.Debug|x86.ActiveCfg = Debug|Win32
		{B5B433F5-757D-410E-AB39-BB8EE5C867D8}.Debug|x86.Build.0 = Debug|Win32
		{B5B433F5-757D-410E-AB39-BB8EE5C867D8}.Release|x64.ActiveCfg = Release|x64
		{B5B433F5-757D-410E-AB39-BB8EE5C867D8}.Release|x64.Build.0 = Release|x64
		{B5B433F5-757D-410E-AB39-BB8EE5C867D8}.Release|x86.ActiveCfg = Release|Win32
		{B5B433F5-757D-410E-AB39-BB8EE5C867D8}.Release|x86.Build.0 = Release|Win32
		{8A12D1F9-D448-425A-B136-1A6D7F043859}.Debug|x64.ActiveCfg = Debug|x64
		{8A12D1F9-D448-425A-B136-1A6D7F043859}.Debug|x64.Build.0 = Debug|x64
		{8A12D1F9-D448-425A-B136-1A6D7F043859}.Debug|x86.ActiveCfg = Debug|Win32
		{8A12D1F9-D448-425A-B136-1A6D7F043859}.Debug|x86.Build.0 = Debug|Win32
		{8A12D1F9-D448-425A-B136-1A6D7F043859}.Release|x64.ActiveCfg = Release|x64
		{8A12D1F9-D448-425A-B136-1A6D7F043859}.Release|x64.Build.0 = Release|x64
		{8A12D1F9-D448-425A-B136-1A6D7F043859}.Release|x86.ActiveCfg = Release|Win32
		{8A12D1F9-D448-425A-B136-1A6D7F043859}.Release|x86.Build.0 = Release|Win32
		{C8C6302D-7DA6-48E4-9B7D-2DB4B2F5C59F}.Debug|x64.ActiveCfg = Debug|x64
		{C8C6302D-7DA6-48E4-9B7D-2DB4B2F5C59F}.Debug|x64.Build.0 = Debug|x64
		{C8C6302D-7DA6-48E4-9B7D-2DB4B2F5C59F}.Debug|x86.ActiveCfg = Debug|Win32
		{C8C6302D-7DA6-48E4-9B7D-2DB4B2F5C59F}.Debug|x86.Build.0 = Debug|Win32
		{C8C6302D-7DA6-48E4-9B7D-2DB4B2F5C59F}.Release|x64.ActiveCfg = Release|x64
		{C8C6302D-7DA6-48E4-9B7D-2DB4B2F5C59F}.Release|x64.Build.0 = Release|x64
		{C8C6302D-7DA6-48E4-9B7D-2DB4B2F5C59F}.Release|x86.ActiveCfg = Release|Win32
		{C8C6302D-7DA6-48E4-9B7D-2DB4B2F5C59F}.Release|x86.Build.0 = Release|Win32
		{7C24ECD9-8718-4066-B642-BE0FD8C74F70}.Debug|x64.ActiveCfg = Debug|x64
		{7C24ECD9-8718-4066-B642-BE0FD8C74F70}.Debug|x64.Build.0 = Debug|x64
		{7C24ECD9-8718-4066-B642-BE0FD8C74F70}.Debug|x86.ActiveCfg = Debug|Win32
		{7C24ECD9-8718-4066-B642-BE0FD8C74F70}.Debug|x86.Build.0 = Debug|Win32
		{7C24ECD9-8718-4066-B642-BE0FD8C74F70}.Release|x64.ActiveCfg = Release|x64
		{7C24ECD9-8718-4066-B642-BE0FD8C74F70}.Release|x64.Build.0 = Release|x64
		{7C24ECD9-8718-4066-B642-BE0FD8C74F70}.Release|x86.ActiveCfg = Release|Win32
		{7C24ECD9-8718-4066-B642-BE0FD8C74F70}.Release|x86.Build.0 = Release|Win32
		{95E87DD6-8519-4C92-B65D-6553A75BF8C1}.Debug|x64.ActiveCfg = Debug|x64
		{95E87DD6-8519-4C92-B65D-6553A75BF8C1}.Debug|x64.Build.0 = Debug|x64
		{95E87DD6-8519-4C92-B65D-6553A75BF8C1}.Debug|x86.ActiveCfg = Debug|Win32
		{95E87DD6-8519-4C92-B65D-6553A75BF8C1}.Debug|x86.Build.0 = Debug|Win32
		{95E87DD6-8519-4C92-B65D-6553A75BF8C1}.Release|x64.ActiveCfg = Release|x64
		{95E87DD6-8519-4C92-B65D-6553A75BF8C1}.Release|x64.Build.0 = Release|x64
		{95E87DD6-8519-4C92-B65D-6553A75BF8C1}.Release|x86.ActiveCfg = Release|Win32
		{95E87DD6-8519-4C92-B65D-6553A75BF8C1}.Release|x86.Build.0 = Release|Win32
		{F3ECC053-5A9D-4E8E-8B86-563189E0F2D0}.Debug|x64.ActiveCfg = Debug|x64
		{F3ECC053-5A9D-4E8E-8B86-563189E0F2D0}.Debug|x64.Build.0 = Debug|x64
		{F3ECC053-5A9D-4E8E-8B86-563189E0F2D0}.Debug|x86.ActiveCfg = Debug|Win32
		{F3ECC053-5A9D-4E8E-8B86-563189E0F2D0}.Debug|x86.Build.0 = Debug|Win32
		{F3ECC053-5A9D-4E8E-8B86-563189E0F2D0}.Release|x64.ActiveCfg = Release|x64
		{F3ECC053-5A9D-4E8E-8B86-563189E0F2D0}.Release|x64.Build.0 = Release|x64
		{F3ECC053-5A9D-4E8E-8B86-563189E0F2D0}.Release|x86.ActiveCfg = Release|Win32
		{F3ECC053-5A9D-4E8E-8B86-563189E0F2D0}.Release|x86.Build.0 = Release|Win32
		{B97EAA4F-D42F-4653-A0A8-34C7C9E29115}.Debug|x64.ActiveCfg = Debug|x64
		{B97EAA4F-D42F-4653-A0A8-34C7C9E29115}.Debug|x64.Build.0 = Debug|x64
		{B97EAA4F-D42F-4653-A0A8-34C7C9E29115}.Debug|x86.ActiveCfg = Debug|Win32
		{B97EAA4F-D42F-4653-A0A8-34C7C9E29115}.Debug|x86.Build.0 = Debug|Win32
		{B97EAA4F-D42F-4653-A0A8-34C7C9E29115}.Release|x64.ActiveCfg = Release|x64
		{B97EAA4F-D42F-4653-A0A8-34C7C9E29115}.Release|x64.Build.0 = Release|x64
		{B97EAA4F-D42F-4653-A0A8-34C7C9E29115}.Release|x86.ActiveCfg = Release|Win32
		{B97EAA4F-D42F-4653-A0A8-34C7C9E29115}.Release|x86.Build.0 = Release|Win32
		{4C4562EA-2CBF-4A2C-A7C8-4C352965300C}.Debug|x64.ActiveCfg = Debug|x64
		{4C4562EA-2CBF-4A2C-A7C8-4C352965300C}.Debug|x64.Build.0 = Debug|x64
		{4C4562EA-2CBF-4A2C-A7C8-4C352965300C}.Debug|x86.ActiveCfg = Debug|Win32
		{4C4562EA-2CBF-4A2C-A7C8-4C352965300C}.Debug|x86.Build.0 = Debug|Win32
		{4C4562EA-2CBF-4A2C-A7C8-4C352965300C}.Release|x64.ActiveCfg = Release|x64
		{4C4562EA-2CBF-4A2C-A7C8-4C352965300C}.Release|x64.Build.0 = Release|x64
		{4C4562EA-2CBF-4A2C-A7C8-4C352965300C}.Release|x86.ActiveCfg = Release|Win32
		{4C4562EA-2CBF-4A2C-A7C8-4C352965300C}.Release|x86.Build.0 = Release|Win32
		{96DF7F4A-8764-4193-A369-0CEE9DA6694E}.Debug|x64.ActiveCfg = Debug|x64
		{96DF7F4A-8764-4193-A369-0CEE9DA6694E}.Debug|x64.Build.0 = Debug|x64
		{96DF7F4A-8764-4193-A369-0CEE9DA6694E}.Debug|x86.ActiveCfg = Debug|Win32
		{96DF7F4A-8764-4193-A369-0CEE9DA6694E}.Debug|x86.Build.0 = Debug|Win32
		{96DF7F4A-8764-4193-A369-0CEE9DA6694E}.Release|x64.ActiveCfg = Release|x64
		{96DF7F4A-8764-4193-A369-0CEE9DA6694E}.Release|x64.Build.0 = Release|x64
		{96DF7F4A-8764-4193-A369-0CEE9DA6694E}.Release|x86.ActiveCfg = Release|Win32
		{96DF7F4A-8764-4193-A369-0CEE9DA6694E}.Release|x86.Build.0 = Release|Win32
		{FD9C1BC8-1283-4B99-8133-128C470FCB5D}.Debug|x64.ActiveCfg = Debug|x64
		{FD9C1BC8-1283-4B99-8133-128C470FCB5D}.Debug|x64.Build.0 = Debug|x64
		{FD9C1BC8-1283-4B99-8133-128C470FCB5D}.Debug|x86.ActiveCfg = Debug|Win32
		{FD9C1BC8-1283-4B99-8133-128C470FCB5D}.Debug|x86.Build.0 = Debug|Win32
		{FD9C1BC8-1283-4B99-8133-128C470FCB5D}.Release|x64.ActiveCfg = Release|x64
		{FD9C1BC8-1283-4B99-8133-128C470FCB5D}.Release|x64.Build.0 = Release|x64
		{FD9C1BC8-1283-4B99-8133-128C470FCB5D}.Release|x86.ActiveCfg = Release|Win32
		{FD9C1BC8-1283-4B99-8133-128C470FCB5D}.Release|x86.Build.0 = Release|Win32
		{AFABFA83-4BF2-4D97-96EB-299655E8B290}.Debug|x64.ActiveCfg = Debug|x64
		{AFABFA83-4BF2-4D97-96EB-299655E8B290}.Debug|x64.Build.0 = Debug|x64
		{AFABFA83-4BF2-4D97-96EB-299655E8B290}.Debug|x86.ActiveCfg = Debug|Win32
		{AFABFA83-4BF2-4D97-96EB-299655E8B290}.Debug|x86.Build.0 = Debug|Win32
		{AFABFA83-4BF2-4D97-96EB-299655E8B290}.Release|x64.ActiveCfg = Release|x64
		{AFABFA83-4BF2-4D97-96EB-299655E8B290}.Release|x64.Build.0 = Release|x64
		{AFABFA83-4BF2-4D97-96EB-299655E8B290}.Release|x86.ActiveCfg = Release|Win32
		{AFABFA83-4BF2-4D97-96EB-299655E8B290}.Release|x86.Build.0 = Release|Win32
		{F1C3019F-EAD9-47D6-B2B7-2C564CBBEE23}.Debug|x64.ActiveCfg = Debug|x64
		{F1C3019F-EAD9-47D6-B2B7-2C564CBBEE23}.Debug|x64.Build.0 = Debug|x64
		{F1C3019F-EAD9-47D6-B2B7-2C564CBBEE23}.Debug|x86.ActiveCfg = Debug|Win32
		{F1C3019F-EAD9-47D6-B2B7-2C564CBBEE23}.Debug|x86.Build.0 = Debug|Win32
		{F1C3019F-EAD9-47D6-B2B7-2C564CBBEE23}.Release|x64.ActiveCfg = Release|x64
		{F1C3019F-EAD9-47D6-B2B7-2C564CBBEE23}.Release|x64.Build.0 = Release|x64
		{F1C3019F-EAD9-47D6-B2B7-2C564CBBEE23}.Release|x86.ActiveCfg = Release|Win32
		{F1C3019F-EAD9-47D6-B2B7-2C564CBBEE23}.Release|x86.Build.0 = Release|Win32
		{02D3877D-8768-40CA-A83C-655895982A7C}.Debug|x64.ActiveCfg = Debug|x64
		{02D3877D-8768-40CA-A83C-655895982A7C}.Debug|x64.Build.0 = Debug|x64
		{02D3877D-8768-40CA-A83C-655895982A7C}.Debug|x86.ActiveCfg = Debug|Win32
		{02D3877D-8768-40CA-A83C-655895982A7C}.Debug|x86.Build.0 = Debug|Win32
		{02D3877D-8768-40CA-A83C-655895982A7C}.Release|x64.ActiveCfg = Release|x64
		{02D3877D-8768-40CA-A83C-655895982A7C}.Release|x64.Build.0 = Release|x64
		{02D3877D-8768-40CA-A83C-655895982A7C}.Release|x86.ActiveCfg = Release|Win32
		{02D3877D-8768-40CA-A83C-655895982A7C}.Release|x86.Build.0 = Release|Win32
		{F6F4D672-759D-44F2-9558-49EF70E280D6}.Debug|x64.ActiveCfg = Debug|x64
		{F6F4D672-759D-44F2-9558-49EF70E280D6}.Debug|x64.Build.0 = Debug|x64
		{F6F4D672-759D-44F2-9558-49EF70E280D6}.Debug|x86.ActiveCfg = Debug|Win32
		{F6F4D672-759D-44F2-9558-49EF70E280D6}.Debug|x86.Build.0 = Debug|Win32
		{F6F4D672-759D-44F2-9558-49EF70E280D6}.Release|x64.ActiveCfg = Release|x64
		{F6F4D672-759D-44F2-9558-49EF70E280D6}.Release|x64.Build.0 = Release|x64
		{F6F4D672-759D-44F2-9558-49EF70E280D6}.Release|x86.ActiveCfg = Release|Win32
		{F6F4D672-759D-44F2-9558-49EF70E280D6}.Release|x86.Build.0 = Release|Win32
		{8E0A4F1E-6FAF-45FD-87C1-2958DD923066}.Debug|x64.ActiveCfg = Debug|x64
		{8E0A4F1E-6FAF-45FD-87C1-2958DD923066}.Debug|x64.Build.0 = Debug|x64
		{8E0A4F1E-6FAF-45FD-87C1-2958DD923066}.Debug|x86.ActiveCfg = Debug|Win32
		{8E0A4F1E-6FAF-45FD-87C1-2958DD923066}.Debug|x86.Build.0 = Debug|Win32
		{8E0A4F1E-6FAF-45FD-87C1-2958DD923066}.Release|x64.ActiveCfg = Release|x64
		{8E0A4F1E-6FAF-45FD-87C1-2958DD923066}.Release|x64.Build.0 = Release|x64
		{8E0A4F1E-6FAF-45FD-87C1-2958DD923066}.Release|x86.ActiveCfg = Release|Win32
		{8E0A4F1E-6FAF-45FD-87C1-2958DD923066}.Release|x86.Build.0 = Release|Win32
		{50ED7CC6-F3D3-4779-8FA3-6247CFDDC674}.Debug|x64.ActiveCfg = Debug|x64
		{50ED7CC6-F3D3-4779-8FA3-6247CFDDC674}.Debug|x64.Build.0 = Debug|x64
		{50ED7CC6-F3D3-4779-8FA3-6247CFDDC674}.Debug|x86.ActiveCfg = Debug|Win32
		{50ED7CC6-F3D3-4779-8FA3-6247CFDDC674}.Debug|x86.Build.0 = Debug|Win32
		{50ED7CC6-F3D3-4779-8FA3-6247CFDDC674}.Release|x64.ActiveCfg = Release|x64
		{50ED7CC6-F3D3-4779-8FA3-6247CFDDC674}.Release|x64.Build.0 = Release|x64
		{50ED7CC6-F3D3-4779-8FA3-6247CFDDC674}.Release|x86.ActiveCfg = Release|Win32
		{50ED7CC6-F3D3-4779-8FA3-6247CFDDC674}.Release|x86.Build.0 = Release|Win32
		{6985DC03-7F70-4CAF-926F-C17769AA529C}.Debug|x64.ActiveCfg = Debug|x64
		{6985DC03-7F70-4CAF-926F-C17769AA529C}.Debug|x64.Build.0 = Debug|x64
		{6985DC03-7F70-4CAF-926F-C17769AA529C}.Debug|x86.ActiveCfg = Debug|Win32
		{6985DC03-7F70-4CAF-926F-C17769AA529C}.Debug|x86.Build.0 = Debug|Win32
		{6985DC03-7F70-4CAF-926F-C17769AA529C}.Release|x64.ActiveCfg = Release|x64
		{6985DC03-7F70-4CAF-926F-C17769AA529C}.Release|x64.Build.0 = Release|x64
		{6985DC03-7F70-4CAF-926F-C17769AA529C}.Release|x86.ActiveCfg = Release|Win32
		{6985DC03-7F70-4CAF-926F-C17769AA529C}.Release|x86.Build.0 = Release|Win32
		{5EB5FA44-E934-4FCE-8388-0B554882A4D1}.Debug|x64.ActiveCfg = Debug|x64
		{5EB5FA44-E934-4FCE-8388-0B554882A4D1}.Debug|x64.Build.0 = Debug|x64
		{5EB5FA44-E934-4FCE-8388-0B554882A4D1}.Debug|x86.ActiveCfg = Debug|Win32
		{5EB5FA44-E934-4FCE-8388-0B554882A4D1}.Debug|x86.Build.0 = Debug|Win32
		{5EB5FA44-E934-4FCE-8388-0B554882A4D1}.Release|x64.ActiveCfg = Release|x64
		{5EB5FA44-E934-4FCE-8388-0B554882A4D1}.Release|x64.Build.0 = Release|x64
		{5EB5FA44-E934-4FCE-8388-0B554882A4D1}.Release|x86.ActiveCfg = Release|Win32
		{5EB5FA44-E934-4FCE-8388-0B554882A4D1}.Release|x86.Build.0 = Release|Win32
		{A5373FC1-B8F1-431D-8A8E-D1CE7443A463}.Debug|x64.ActiveCfg = Debug|x64
		{A5373FC1-B8F1-431D-8A8E-D1CE7443A463}.Debug|x64.Build.0 = Debug|x64
		{A5373FC1-B8F1-431D-8A8E-D1CE7443A463}.Debug|x86.ActiveCfg = Debug|Win32
		{A5373FC1-B8F1-431D-8A8E-D1CE7443A463}.Debug|x86.Build.0 = Debug|Win32
		{A5373FC1-B8F1-431D-8A8E-D1CE7443A463}.Release|x64.ActiveCfg = Release|x64
		{A5373FC1-B8F1-431D-8A8E-D1CE7443A463}.Release|x64.Build.0 = Release|x64
		{A5373FC1-B8F1-431D-8A8E-D1CE7443A463}.Release|x86.ActiveCfg = Release|Win32
		{A5373FC1-B8F1-431D-8A8E-D1CE7443A463}.Release|x86.Build.0 = Release|Win32
		{B2E0F7A7-CFFD-4003-A29B-856039D424CF}.Debug|x64.ActiveCfg = Debug|x64
		{B2E0F7A7-CFFD-4003-A29B-856039D424CF}.Debug|x64.Build.0 = Debug|x64
		{B2E0F7A7-CFFD-4003-A29B-856039D424CF}.Debug|x86.ActiveCfg = Debug|Win32
		{B2E0F7A7-CFFD-4003-A29B-856039D424CF}.Debug|x86.Build.0 = Debug|Win32
		{B2E0F7A7-CFFD-4003-A29B-856039D424CF}.Release|x64.ActiveCfg = Release|x64
		{B2E0F7A7-CFFD-4003-A29B-856039D424CF}.Release|x64.Build.0 = Release|x64
		{B2E0F7A7-CFFD-4003-A29B-856039D424CF}.Release|x86.ActiveCfg = Release|Win32
		{B2E0F7A7-CFFD-4003-A29B-856039D424CF}.Release|x86.Build.0 = Release|Win32
		{6F8CF9CA-BA6A-4D30-BB18-105F1E3BDA67}.Debug|x64.ActiveCfg = Debug|x64
		{6F8CF9CA-BA6A-4D30-BB18-105F1E3BDA67}.Debug|x64.Build.0 = Debug|x64
		{6F8CF9CA-BA6A-4D30-BB18-105F1E3BDA67}.Debug|x86.ActiveCfg = Debug|Win32
		{6F8CF9CA-BA6A-4D30-BB18-105F1E3BDA67}.Debug|x86.Build.0 = Debug|Win32
		{6F8CF9CA-BA6A-4D30-BB18-105F1E3BDA67}.Release|x64.ActiveCfg = Release|x64
		{6F8CF9CA-BA6A-4D30-BB18-105F1E3BDA67}.Release|x64.Build.0 = Release|x64
		{6F8CF9CA-BA6A-4D30-BB18-105F1E3BDA67}.Release|x86.ActiveCfg = Release|Win32
		{6F8CF9CA-BA6A-4D30-BB18-105F1E3BDA67}.Release|x86.Build.0 = Release|Win32
		{A11A9AE3-630A-481C-B153-0B0D76FCD65D}.Debug|x64.ActiveCfg = Debug|x64
		{A11A9AE3-630A-481C-B153-0B0D76FCD65D}.Debug|x64.Build.0 = Debug|x64
		{A11A9AE3-630A-481C-B153-0B0D76FCD65D}.Debug|x86.ActiveCfg = Debug|Win32
		{A11A9AE3-630A-481C-B153-0B0D76FCD65D}.Debug|x86.Build.0 = Debug|Win32
		{A11A9AE3-630A-481C-B153-0B0D76FCD65D}.Release|x64.ActiveCfg = Release|x64
		{A11A9AE3-630A-481C-B153-0B0D76FCD65D}.Release|x64.Build.0 = Release|x64
		{A11A9AE3-630A-481C-B153-0B0D76FCD65D}.Release|x86.ActiveCfg = Release|Win32
		{A11A9AE3-630A-481C-B153-0B0D76FCD65D}.Release|x86.Build.0 = Release|Win32
		{11478A96-018A-40BB-BC82-151B91596CD0}.Debug|x64.ActiveCfg = Debug|x64
		{11478A96-018A-40BB-BC82-151B91596CD0}.Debug|x64.Build.0 = Debug|x64
		{11478A96-018A-40BB-BC82-151B91596CD0}.Debug|x86.ActiveCfg = Debug|Win32
		{11478A96-018A-40BB-BC82-151B91596CD0}.Debug|x86.Build.0 = Debug|Win32
		{11478A96-018A-40BB-BC82-151B91596CD0}.Release|x64.ActiveCfg = Release|x64
		{11478A96-018A-40BB-BC82-151B91596CD0}.Release|x64.Build.0 = Release|x64
		{11478A96-018A-40BB-BC82-151B91596CD0}.Release|x86.ActiveCfg = Release|Win32
		{11478A96-018A-40BB-BC82-151B91596CD0}.Release|x86.Build.0 = Release|Win32
		{76262B78-C7DC-4D1E-95C2-339E589C19F2}.Debug|x64.ActiveCfg = Debug|x64
		{76262B78-C7DC-4D1E-95C2-339E589C19F2}.Debug|x64.Build.0 = Debug|x64
		{76262B78-C7DC-4D1E-95C2-339E589C19F2}.Debug|x86.ActiveCfg = Debug|Win32
		{76262B78-C7DC-4D1E-95C2-339E589C19F2}.Debug|x86.Build.0 = Debug|Win32
		{76262B78-C7DC-4D1E-95C2-339E589C19F2}.Release|x64.ActiveCfg = Release|x64
		{76262B78-C7DC-4D1E-95C2-339E589C19F2}.Release|x64.Build.0 = Release|x64
		{76262B78-C7DC-4D1E-95C2-339E589C19F2}.Release|x86.ActiveCfg = Release|Win32
		{76262B78-C7DC-4D1E-95C2-339E589C19F2}.Release|x86.Build.0 = Release|Win32
		{81D19096-EF69-418E-917B-3CB65EF0C696}.Debug|x64.ActiveCfg = Debug|x64
		{81D19096-EF69-418E-917B-3CB65EF0C696}.Debug|x64.Build.0 = Debug|x64
		{81D19096-EF69-418E-917B-3CB65EF0C696}.Debug|x86.ActiveCfg = Debug|Win32
		{81D19096-EF69-418E-917B-3CB65EF0C696}.Debug|x86.Build.0 = Debug|Win32
		{81D19096-EF69-418E-917B-3CB65EF0C696}.Release|x64.ActiveCfg = Release|x64
		{81D19096-EF69-418E-917B-3CB65EF0C696}.Release|x64.Build.0 = Release|x64
		{81D19096-EF69-418E-917B-3CB65EF0C696}.Release|x86.ActiveCfg = Release|Win32
		{81D19096-EF69-418E-917B-3CB65EF0C696}.Release|x86.Build.0 = Release|Win32
		{128FCEBD-7445-45E0-9093-748DA84DE646}.Debug|x64.ActiveCfg = Debug|x64
		{128FCEBD-7445-45E0-9093-748DA84DE646}.Debug|x64.Build.0 = Debug|x64
		{128FCEBD-7445-45E0-9093-748DA84DE646}.Debug|x86.ActiveCfg = Debug|Win32
		{128FCEBD-7445-45E0-9093-748DA84DE646}.Debug|x86.Build.0 = Debug|Win32
		{128FCEBD-7445-45E0-9093-748DA84DE646}.Release|x64.ActiveCfg = Release|x64
		{128FCEBD-7445-45E0-9093-748DA84DE646}.Release|x64.Build.0 = Release|x64
		{128FCEBD-7445-45E0-9093-748DA84DE646}.Release|x86.ActiveCfg = Release|Win32
		{128FCEBD-7445-45E0-9093-748DA84DE646}.Release|x86.Build.0 = Release|Win32
		{9741C964-3AD4-44A3-9CC9-FB4DB42B8966}.Debug|x64.ActiveCfg = Debug|x64
		{9741C964-3AD4-44A3-9CC9-FB4DB42B8966}.Debug|x64.Build.0 = Debug|x64
		{9741C964-3AD4-44A3-9CC9-FB4DB42B8966}.Debug|x86.ActiveCfg = Debug|Win32
		{9741C964-3AD4-44A3-9CC9-FB4DB42B8966}.Debug|x86.Build.0 = Debug|Win32
		{9741C964-3AD4-44A3-9CC9-FB4DB42B8966}.Release|x64.ActiveCfg = Release|x64
		{9741C964-3AD4-44A3-9CC9-FB4DB42B8966}.Release|x64.Build.0 = Release|x64
		{9741C964-3AD4-44A3-9CC9-FB4DB42B8966}.Release|x86.ActiveCfg = Release|Win32
		{9741C964-3AD4-44A3-9CC9-FB4DB42B8966}.Release|x86.Build.0 = Release|Win32
		{9C8D27FB-25A8-4132-8B77-5A36285427FB}.Debug|x64.ActiveCfg = Debug|x64
		{9C8D27FB-25A8-4132-8B77-5A36285427FB}.Debug|x64.Build.0 = Debug|x64
		{9C8D27FB-25A8-4132-8B77-5A36285427FB}.Debug|x86.ActiveCfg = Debug|Win32
		{9C8D27FB-25A8-4132-8B77-5A36285427FB}.Debug|x86.Build.0 = Debug|Win32
		{9C8D27FB-25A8-4132-8B77-5A36285427FB}.Release|x64.ActiveCfg = Release|x64
		{9C8D27FB-25A8-4132-8B77-5A36285427FB}.Release|x64.Build.0 = Release|x64
		{9C8D27FB-25A8-4132-8B77-5A36285427FB}.Release|x86.ActiveCfg = Release|Win32
		{9C8D27FB-25A8-4132-8B77-5A36285427FB}.Release|x86.Build.0 = Release|Win32
		{0DE28179-C477-42E1-8A9D-46F984EA724F}.Debug|x64.ActiveCfg = Debug|x64
		{0DE28179-C477-42E1-8A9D-46F984EA724F}.Debug|x64.Build.0 = Debug|x64
		{0DE28179-C477-42E1-8A9D-46F984EA724F}.Debug|x86.ActiveCfg = Debug|Win32
		{0DE28179-C477-42E1-8A9D-46F984EA724F}.Debug|x86.Build.0 = Debug|Win32
		{0DE28179-C477-42E1-8A9D-46F984EA724F}.Release|x64.ActiveCfg = Release|x64
		{0DE28179-C477-42E1-8A9D-46F984EA724F}.Release|x64.Build.0 = Release|x64
		{0DE28179-C477-42E1-8A9D-46F984EA724F}.Release|x86.ActiveCfg = Release|Win32
		{0DE28179-C477-42E1-8A9D-46F984EA724F}.Release|x86.Build.0 = Release|Win32
		{1FAD537B-7ED9-4611-8893-3D42373AEA4A}.Debug|x64.ActiveCfg = Debug|x64
		{1FAD537B-7ED9-4611-8893-3D42373AEA4A}.Debug|x64.Build.0 = Debug|x64
		{1FAD537B-7ED9-4611-8893-3D42373AEA4A}.Debug|x86.ActiveCfg = Debug|Win32
		{1FAD537B-7ED9-4611-8893-3D42373AEA4A}.Debug|x86.Build.0 = Debug|Win32
		{1FAD537B-7ED9-4611-8893-3D42373AEA4A}.Release|x64.ActiveCfg = Release|x64
		{1FAD537B-7ED9-4611-8893-3D42373AEA4A}.Release|x64.Build.0 = Release|x64
		{1FAD537B-7ED9-4611-8893-3D42373AEA4A}.Release|x86.ActiveCfg = Release|Win32
		{1FAD537B-7ED9-4611-8893-3D42373AEA4A}.Release|x86.Build.0 = Release|Win32
		{3D8935F3-3FD3-4268-94A6-A84A9FE439F5}.Debug|x64.ActiveCfg = Debug|x64
		{3D8935F3-3FD3-4268-94A6-A84A9FE439F5}.Debug|x64.Build.0 = Debug|x64
		{3D8935F3-3FD3-4268-94A6-A84A9FE439F5}.Debug|x86.ActiveCfg = Debug|Win32
		{3D8935F3-3FD3-4268-94A6-A84A9FE439F5}.Debug|x86.Build.0 = Debug|Win32
		{3D8935F3-3FD3-4268-94A6-A84A9FE439F5}.Release|x64.ActiveCfg = Release|x64
		{3D8935F3-3FD3-4268-94A6-A84A9FE439F5}.Release|x64.Build.0 = Release|x64
		{3D8935F3-3FD3-4268-94A6-A84A9FE439F5}.Release|x86.ActiveCfg = Release|Win32
		{3D8935F3-3FD3-4268-94A6-A84A9FE439F5}.Release|x86.Build.0 = Release|Win32
		{FFE349AB-454B-47F7-8770-303B9AC738FB}.Debug|x64.ActiveCfg = Debug|x64
		{FFE349AB-454B-47F7-8770-303B9AC738FB}.Debug|x64.Build.0 = Debug|x64
		{FFE349AB-454B-47F7-8770-303B9AC738FB}.Debug|x86.ActiveCfg = Debug|Win32
		{FFE349AB-454B-47F7-8770-303B9AC738FB}.Debug|x86.Build.0 = Debug|Win32
		{FFE349AB-454B-47F7-8770-303B9AC738FB}.Release|x64.ActiveCfg = Release|x64
		{FFE349AB-454B-47F7-8770-303B9AC738FB}.Release|x64.Build.0 = Release|x64
		{FFE349AB-454B-47F7-8770-303B9AC738FB}.Release|x86.ActiveCfg = Release|Win32
		{FFE349AB-454B-47F7-8770-303B9AC738FB}.Release|x86.Build.0 = Release|Win32
		{18591AF6-37F6-4410-A909-BE355B2054BE}.Debug|x64.ActiveCfg = Debug|x64
		{18591AF6-37F6-4410-A909-BE355B2054BE}.Debug|x64.Build.0 = Debug|x64
		{18591AF6-37F6-4410-A909-BE355B2054BE}.Debug|x86.ActiveCfg = Debug|Win32
		{18591AF6-37F6-4410-A909-BE355B2054BE}.Debug|x86.Build.0 = Debug|Win32
		{18591AF6-37F6-4410-A909-BE355B2054BE}.Release|x64.ActiveCfg = Release|x64
		{18591AF6-37F6-4410-A909-BE355B2054BE}.Release|x64.Build.0 = Release|x64
		{18591AF6-37F6-4410-A909-BE355B2054BE}.Release|x86.ActiveCfg = Release|Win32
		{18591AF6-37F6-4410-A909-BE355B2054BE}.Release|x86.Build.0 = Release|Win32
		{254FCBC4-88B1-497E-9F8E-64E34244FC39}.Debug|x64.ActiveCfg = Debug|x64
		{254FCBC4-88B1-497E-9F8E-64E34244FC39}.Debug|x64.Build.0 = Debug|x64
		{254FCBC4-88B1-497E-9F8E-64E34244FC39}.Debug|x86.ActiveCfg = Debug|Win32
		{254FCBC4-88B1-497E-9F8E-64E34244FC39}.Debug|x86.Build.0 = Debug|Win32
		{254FCBC4-88B1-497E-9F8E-64E34244FC39}.Release|x64.ActiveCfg = Release|x64
		{254FCBC4-88B1-497E-9F8E-64E34244FC39}.Release|x64.Build.0 = Release|x64
		{254FCBC4-88B1-497E-9F8E-64E34244FC39}.Release|x86.ActiveCfg = Release|Win32
		{254FCBC4-88B1-497E-9F8E-64E34244FC39}.Release|x86.Build.0 = Release|Win32
		{09D59F18-A404-4C0F-94E4-71DA343A00EA}.Debug|x64.ActiveCfg = Debug|x64
		{09D59F18-A404-4C0F-94E4-71DA343A00EA}.Debug|x64.Build.0 = Debug|x64
		{09D59F18-A404-4C0F-94E4-71DA343A00EA}.Debug|x86.ActiveCfg = Debug|Win32
		{09D59F18-A404-4C0F-94E4-71DA343A00EA}.Debug|x86.Build.0 = Debug|Win32
		{09D59F18-A404-4C0F-94E4-71DA343A00EA}.Release|x64.ActiveCfg = Release|x64
		{09D59F18-A404-4C0F-94E4-71DA343A00EA}.Release|x64.Build.0 = Release|x64
		{09D59F18-A404-4C0F-94E4-71DA343A00EA}.Release|x86.ActiveCfg = Release|Win32
		{09D59F18-A404-4C0F-94E4-71DA343A00EA}.Release|x86.Build.0 = Release|Win32
		{6EE8080D-3477-4D88-9863-77B29F83BD0C}.Debug|x64.ActiveCfg = Debug|x64
		{6EE8080D-3477-4D88-9863-77B29F83BD0C}.Debug|x64.Build.0 = Debug|x64
		{6EE8080D-3477-4D88-9863-77B29F83BD0C}.Debug|x86.ActiveCfg = Debug|Win32
		{6EE8080D-3477-4D88-9863-77B29F83BD0C}.Debug|x86.Build.0 = Debug|Win32
		{6EE8080D-3477-4D88-9863-77B29F83BD0C}.Release|x64.ActiveCfg = Release|x64
		{6EE8080D-3477-4D88-9863-77B29F83BD0C}.Release|x64.Build.0 = Release|x64
		{6EE8080D-3477-4D88-9863-77B29F83BD0C}.Release|x86.ActiveCfg = Release|Win32
		{6EE8080D-3477-4D88-9863-77B29F83BD0C}.Release|x86.Build.0 = Release|Win32
		{BFD06244-8374-43D2-8434-A0A726E15AA0}.Debug|x64.ActiveCfg = Debug|x64
		{BFD06244-8374-43D2-8434-A0A726E15AA0}.Debug|x64.Build.0 = Debug|x64
		{BFD06244-8374-43D2-8434-A0A726E15AA0}.Debug|x86.ActiveCfg = Debug|Win32
		{BFD06244-8374-43D2-8434-A0A726E15AA0}.Debug|x86.Build.0 = Debug|Win32
		{BFD06244-8374-43D2-8434-A0A726E15AA0}.Release|x64.ActiveCfg = Release|x64
		{BFD06244-8374-43D2-8434-A0A726E15AA0}.Release|x64.Build.0 = Release|x64
		{BFD06244-8374-43D2-8434-A0A726E15AA0}.Release|x86.ActiveCfg = Release|Win32
		{BFD06244-8374-43D2-8434-A0A726E15AA0}.Release|x86.Build.0 = Release|Win32
		{49282E61-7562-4297-AA94-0B8880C0F4C7}.Debug|x64.ActiveCfg = Debug|x64
		{49282E61-7562-4297-AA94-0B8880C0F4C7}.Debug|x64.Build.0 = Debug|x64
		{49282E61-7562-4297-AA94-0B8880C0F4C7}.Debug|x86.ActiveCfg = Debug|Win32
		{49282E61-7562-4297-AA94-0B8880C0F4C7}.Debug|x86.Build.0 = Debug|Win32
		{49282E61-7562-4297-AA94-0B8880C0F4C7}.Release|x64.ActiveCfg = Release|x64
		{49282E61-7562-4297-AA94-0B8880C0F4C7}.Release|x64.Build.0 = Release|x64
		{49282E61-7562-4297-AA94-0B8880C0F4C7}.Release|x86.ActiveCfg = Release|Win32
		{49282E61-7562-4297-AA94-0B8880C0F4C7}.Release|x86.Build.0 = Release|Win32
		{32BCFAD7-CA7D-4BB9-BE6C-403B9093DC05}.Debug|x64.ActiveCfg = Debug|x64
		{32BCFAD7-CA7D-4BB9-BE6C-403B9093DC05}.Debug|x64.Build.0 = Debug|x64
		{32BCFAD7-CA7D-4BB9-BE6C-403B9093DC05}.Debug|x86.ActiveCfg = Debug|Win32
		{32BCFAD7-CA7D-4BB9-BE6C-403B9093DC05}.Debug|x86.Build.0 = Debug|Win32
		{32BCFAD7-CA7D-4BB9-BE6C-403B9093DC05}.Release|x64.ActiveCfg = Release|x64
		{32BCFAD7-CA7D-4BB9-BE6C-403B9093DC05}.Release|x64.Build.0 = Release|x64
		{32BCFAD7-CA7D-4BB9-BE6C-403B9093DC05}.Release|x86.ActiveCfg = Release|Win32
		{32BCFAD7-CA7D-4BB9-BE6C-403B9093DC05}.Release|x86.Build.0 = Release|Win32
		{A1B61D4E-675B-42DE-B976-B51869EBD389}.Debug|x64.ActiveCfg = Debug|x64
		{A1B61D4E-675B-42DE-B976-B51869EBD389}.Debug|x64.Build.0 = Debug|x64
		{A1B61D4E-675B-42DE-B976-B51869EBD389}.Debug|x86.ActiveCfg = Debug|Win32
		{A1B61D4E-675B-42DE-B976-B51869EBD389}.Debug|x86.Build.0 = Debug|Win32
		{A1B61D4E-675B-42DE-B976-B51869EBD389}.Release|x64.ActiveCfg = Release|x64
		{A1B61D4E-675B-42DE-B976-B51869EBD389}.Release|x64.Build.0 = Release|x64
		{A1B61D4E-675B-42DE-B976-B51869EBD389}.Release|x86.ActiveCfg = Release|Win32
		{A1B61D4E-675B-42DE-B976-B51869EBD389}.Release|x86.Build.0 = Release|Win32
		{BBC1F749-ADDE-4E91-A124-056A17A34CD0}.Debug|x64.ActiveCfg = Debug|x64
		{BBC1F749-ADDE-4E91-A124-056A17A34CD0}.Debug|x64.Build.0 = Debug|x64
		{BBC1F749-ADDE-4E91-A124-056A17A34CD0}.Debug|x86.ActiveCfg = Debug|Win32
		{BBC1F749-ADDE-4E91-A124-056A17A34CD0}.Debug|x86.Build.0 = Debug|Win32
		{BBC1F749-ADDE-4E91-A124-056A17A34CD0}.Release|x64.ActiveCfg = Release|x64
		{BBC1F749-ADDE-4E91-A124-056A17A34CD0}.Release|x64.Build.0 = Release|x64
		{BBC1F749-ADDE-4E91-A124-056A17A34CD0}.Release|x86.ActiveCfg = Release|Win32
		{BBC1F749-ADDE-4E91-A124-056A17A34CD0}.Release|x86.Build.0 = Release|Win32
		{5B24A83F-AF3D-427C-B9C2-5A7CCA934373}.Debug|x64.ActiveCfg = Debug|x64
		{5B24A83F-AF3D-427C-B9C2-5A7CCA934373}.Debug|x64.Build.0 = Debug|x64
		{5B24A83F-AF3D-427C-B9C2-5A7CCA934373}.Debug|x86.ActiveCfg = Debug|Win32
		{5B24A83F-AF3D-427C-B9C2-5A7CCA934373}.Debug|x86.Build.0 = Debug|Win32
		{5B24A83F-AF3D-427C-B9C2-5A7CCA934373}.Release|x64.ActiveCfg = Release|x64
		{5B24A83F-AF3D-427C-B9C2-5A7CCA934373}.Release|x64.Build.0 = Release|x64
		{5B24A83F-AF3D-427C-B9C2-5A7CCA934373}.Release|x86.ActiveCfg = Release|Win32
		{5B24A83F-AF3D-427C-B9C2-5A7CCA934373}.Release|x86.Build.0 = Release|Win32
		{5CA0CB09-81E8-4D1F-B120-572CCB5CCDC4}.Debug|x64.ActiveCfg = Debug|x64
		{5CA0CB09-81E8-4D1F-B120-572CCB5CCDC4}.Debug|x64.Build.0 = Debug|x64
		{5CA0CB09-81E8-4D1F-B120-572CCB5CCDC4}.Debug|x86.ActiveCfg = Debug|Win32
		{5CA0CB09-81E8-4D1F-B120-572CCB5CCDC4}.Debug|x86.Build.0 = Debug|Win32
		{5CA0CB09-81E8-4D1F-B120-572CCB5CCDC4}.Release|x64.ActiveCfg = Release|x64
		{5CA0CB09-81E8-4D1F-B120-572CCB5CCDC4}.Release|x64.Build.0 = Release|x64
		{5CA0CB09-81E8-4D1F-B120-572CCB5CCDC4}.Release|x86.ActiveCfg = Release|Win32
		{5CA0CB09-81E8-4D1F-B120-572CCB5CCDC4}.Release|x86.Build.0 = Release|Win32
		{1E9628A2-314F-49EA-B4F8-4A93ADC1822B}.Debug|x64.ActiveCfg = Debug|x64
		{1E9628A2-314F-49EA-B4F8-4A93ADC1822B}.Debug|x64.Build.0 = Debug|x64
		{1E9628A2-314F-49EA-B4F8-4A93ADC1822B}.Debug|x86.ActiveCfg = Debug|Win32
		{1E9628A2-314F-49EA-B4F8-4A93ADC1822B}.Debug|x86.Build.0 = Debug|Win32
		{1E9628A2-314F-49EA-B4F8-4A93ADC1822B}.Release|x64.ActiveCfg = Release|x64
		{1E9628A2-314F-49EA-B4F8-4A93ADC1822B}.Release|x64.Build.0 = Release|x64
		{1E9628A2-314F-49EA-B4F8-4A93ADC1822B}.Release|x86.ActiveCfg = Release|Win32
		{1E9628A2-314F-49EA-B4F8-4A93ADC1822B}.Release|x86.Build.0 = Release|Win32
		{3621DDF7-460B-41BC-8544-8B80E49D729F}.Debug|x64.ActiveCfg = Debug|x64
		{3621DDF7-460B-41BC-8544-8B80E49D729F}.Debug|x64.Build.0 = Debug|x64
		{3621DDF7-460B-41BC-8544-8B80E49D729F}.Debug|x86.ActiveCfg = Debug|Win32
		{3621DDF7-460B-41BC-8544-8B80E49D729F}.Debug|x86.Build.0 = Debug|Win32
		{3621DDF7-460B-41BC-8544-8B80E49D729F}.Release|x64.ActiveCfg = Release|x64
		{3621DDF7-460B-41BC-8544-8B80E49D729F}.Release|x64.Build.0 = Release|x64
		{3621DDF7-460B-41BC-8544-8B80E49D729F}.Release|x86.ActiveCfg = Release|Win32
		{3621DDF7-460B-41BC-8544-8B80E49D729F}.Release|x86.Build.0 = Release|Win32
		{2DC1815A-4745-49FD-B5AF-BA4AC65FAC29}.Debug|x64.ActiveCfg = Debug|x64
		{2DC1815A-4745-49FD-B5AF-BA4AC65FAC29}.Debug|x64.Build.0 = Debug|x64
		{2DC1815A-4745-49FD-B5AF-BA4AC65FAC29}.Debug|x86.ActiveCfg = Debug|Win32
		{2DC1815A-4745-49FD-B5AF-BA4AC65FAC29}.Debug|x86.Build.0 = Debug|Win32
		{2DC1815A-4745-49FD-B5AF-BA4AC65FAC29}.Release|x64.ActiveCfg = Release|x64
		{2DC1815A-4745-49FD-B5AF-BA4AC65FAC29}.Release|x64.Build.0 = Release|x64
		{2DC1815A-4745-49FD-B5AF-BA4AC65FAC29}.Release|x86.ActiveCfg = Release|Win32
		{2DC1815A-4745-49FD-B5AF-BA4AC65FAC29}.Release|x86.Build.0 = Release|Win32
	EndGlobalSection
	GlobalSection(SolutionProperties) = preSolution
		HideSolutionNode = FALSE
	EndGlobalSection
	GlobalSection(ExtensibilityGlobals) = postSolution
		SolutionGuid = {885808A9-FF84-4436-B90D-1CE942478114}
	EndGlobalSection
EndGlobal
